# This file is automatically @generated by Cargo.
# It is not intended for manual editing.
version = 3

[[package]]
name = "casual_serious_language"
version = "0.1.0"
dependencies = [
 "index_vec",
]

[[package]]
name = "casual_serious_language_cli"
version = "0.1.0"
dependencies = [
 "casual_serious_language",
]

[[package]]
name = "index_vec"
version = "0.1.3"
source = "registry+https://github.com/rust-lang/crates.io-index"
checksum = "74086667896a940438f2118212f313abba4aff3831fef6f4b17d02add5c8bb60"
